// !$*UTF8*$!
{
	archiveVersion = 1;
	classes = {
	};
	objectVersion = 50;
	objects = {

/* Begin PBXBuildFile section */
		3A9B1AD82580AFB100E38CD2 /* CurrentWeatherData.swift in Sources */ = {isa = PBXBuildFile; fileRef = 3A9B1AD72580AFB100E38CD2 /* CurrentWeatherData.swift */; };
		3AA442752580ECF800ED70DA /* CurrentWeather.swift in Sources */ = {isa = PBXBuildFile; fileRef = 3AA442742580ECF800ED70DA /* CurrentWeather.swift */; };
		3ABCDD45257E3EF400CA54A4 /* AppDelegate.swift in Sources */ = {isa = PBXBuildFile; fileRef = 3ABCDD44257E3EF400CA54A4 /* AppDelegate.swift */; };
		3ABCDD47257E3EF400CA54A4 /* SceneDelegate.swift in Sources */ = {isa = PBXBuildFile; fileRef = 3ABCDD46257E3EF400CA54A4 /* SceneDelegate.swift */; };
		3ABCDD49257E3EF400CA54A4 /* ViewController.swift in Sources */ = {isa = PBXBuildFile; fileRef = 3ABCDD48257E3EF400CA54A4 /* ViewController.swift */; };
		3ABCDD51257E3EF600CA54A4 /* LaunchScreen.storyboard in Resources */ = {isa = PBXBuildFile; fileRef = 3ABCDD4F257E3EF600CA54A4 /* LaunchScreen.storyboard */; };
		3ABCDD5A257E3F0F00CA54A4 /* Main.storyboard in Resources */ = {isa = PBXBuildFile; fileRef = 3ABCDD58257E3F0F00CA54A4 /* Main.storyboard */; };
		3ABCDD5C257E3F2C00CA54A4 /* Assets.xcassets in Resources */ = {isa = PBXBuildFile; fileRef = 3ABCDD5B257E3F2C00CA54A4 /* Assets.xcassets */; };
		3ABCDD5E257E41BA00CA54A4 /* ViewController+ alertController.swift in Sources */ = {isa = PBXBuildFile; fileRef = 3ABCDD5D257E41BA00CA54A4 /* ViewController+ alertController.swift */; };
		3ABCDD60257FCC2A00CA54A4 /* NetworkWeatherManager.swift in Sources */ = {isa = PBXBuildFile; fileRef = 3ABCDD5F257FCC2A00CA54A4 /* NetworkWeatherManager.swift */; };
		3ABCDD62257FCE8300CA54A4 /* Constants.swift in Sources */ = {isa = PBXBuildFile; fileRef = 3ABCDD61257FCE8300CA54A4 /* Constants.swift */; };
/* End PBXBuildFile section */

/* Begin PBXFileReference section */
		3A9B1AD72580AFB100E38CD2 /* CurrentWeatherData.swift */ = {isa = PBXFileReference; lastKnownFileType = sourcecode.swift; path = CurrentWeatherData.swift; sourceTree = "<group>"; };
		3AA442742580ECF800ED70DA /* CurrentWeather.swift */ = {isa = PBXFileReference; lastKnownFileType = sourcecode.swift; path = CurrentWeather.swift; sourceTree = "<group>"; };
		3ABCDD41257E3EF400CA54A4 /* WeatherAPI.app */ = {isa = PBXFileReference; explicitFileType = wrapper.application; includeInIndex = 0; path = WeatherAPI.app; sourceTree = BUILT_PRODUCTS_DIR; };
		3ABCDD44257E3EF400CA54A4 /* AppDelegate.swift */ = {isa = PBXFileReference; lastKnownFileType = sourcecode.swift; path = AppDelegate.swift; sourceTree = "<group>"; };
		3ABCDD46257E3EF400CA54A4 /* SceneDelegate.swift */ = {isa = PBXFileReference; lastKnownFileType = sourcecode.swift; path = SceneDelegate.swift; sourceTree = "<group>"; };
		3ABCDD48257E3EF400CA54A4 /* ViewController.swift */ = {isa = PBXFileReference; lastKnownFileType = sourcecode.swift; path = ViewController.swift; sourceTree = "<group>"; };
		3ABCDD50257E3EF600CA54A4 /* Base */ = {isa = PBXFileReference; lastKnownFileType = file.storyboard; name = Base; path = Base.lproj/LaunchScreen.storyboard; sourceTree = "<group>"; };
		3ABCDD52257E3EF600CA54A4 /* Info.plist */ = {isa = PBXFileReference; lastKnownFileType = text.plist.xml; path = Info.plist; sourceTree = "<group>"; };
		3ABCDD59257E3F0F00CA54A4 /* Base */ = {isa = PBXFileReference; lastKnownFileType = file.storyboard; name = Base; path = ../../../../Downloads/Sunny/Sunny/Views/Base.lproj/Main.storyboard; sourceTree = "<group>"; };
		3ABCDD5B257E3F2C00CA54A4 /* Assets.xcassets */ = {isa = PBXFileReference; lastKnownFileType = folder.assetcatalog; name = Assets.xcassets; path = "../../../../Downloads/Sunny/Sunny/Supporting files/Assets.xcassets"; sourceTree = "<group>"; };
		3ABCDD5D257E41BA00CA54A4 /* ViewController+ alertController.swift */ = {isa = PBXFileReference; lastKnownFileType = sourcecode.swift; path = "ViewController+ alertController.swift"; sourceTree = "<group>"; };
		3ABCDD5F257FCC2A00CA54A4 /* NetworkWeatherManager.swift */ = {isa = PBXFileReference; lastKnownFileType = sourcecode.swift; path = NetworkWeatherManager.swift; sourceTree = "<group>"; };
		3ABCDD61257FCE8300CA54A4 /* Constants.swift */ = {isa = PBXFileReference; lastKnownFileType = sourcecode.swift; path = Constants.swift; sourceTree = "<group>"; };
/* End PBXFileReference section */

/* Begin PBXFrameworksBuildPhase section */
		3ABCDD3E257E3EF400CA54A4 /* Frameworks */ = {
			isa = PBXFrameworksBuildPhase;
			buildActionMask = 2147483647;
			files = (
			);
			runOnlyForDeploymentPostprocessing = 0;
		};
/* End PBXFrameworksBuildPhase section */

/* Begin PBXGroup section */
		3ABCDD38257E3EF400CA54A4 = {
			isa = PBXGroup;
			children = (
				3ABCDD43257E3EF400CA54A4 /* WeatherAPI */,
				3ABCDD42257E3EF400CA54A4 /* Products */,
			);
			sourceTree = "<group>";
		};
		3ABCDD42257E3EF400CA54A4 /* Products */ = {
			isa = PBXGroup;
			children = (
				3ABCDD41257E3EF400CA54A4 /* WeatherAPI.app */,
			);
			name = Products;
			sourceTree = "<group>";
		};
		3ABCDD43257E3EF400CA54A4 /* WeatherAPI */ = {
			isa = PBXGroup;
			children = (
				3ABCDD44257E3EF400CA54A4 /* AppDelegate.swift */,
				3ABCDD46257E3EF400CA54A4 /* SceneDelegate.swift */,
				3ABCDD48257E3EF400CA54A4 /* ViewController.swift */,
				3ABCDD5D257E41BA00CA54A4 /* ViewController+ alertController.swift */,
				3ABCDD5F257FCC2A00CA54A4 /* NetworkWeatherManager.swift */,
				3AA442742580ECF800ED70DA /* CurrentWeather.swift */,
				3A9B1AD72580AFB100E38CD2 /* CurrentWeatherData.swift */,
				3ABCDD61257FCE8300CA54A4 /* Constants.swift */,
				3ABCDD58257E3F0F00CA54A4 /* Main.storyboard */,
				3ABCDD5B257E3F2C00CA54A4 /* Assets.xcassets */,
				3ABCDD4F257E3EF600CA54A4 /* LaunchScreen.storyboard */,
				3ABCDD52257E3EF600CA54A4 /* Info.plist */,
			);
			path = WeatherAPI;
			sourceTree = "<group>";
		};
/* End PBXGroup section */

/* Begin PBXNativeTarget section */
		3ABCDD40257E3EF400CA54A4 /* WeatherAPI */ = {
			isa = PBXNativeTarget;
			buildConfigurationList = 3ABCDD55257E3EF600CA54A4 /* Build configuration list for PBXNativeTarget "WeatherAPI" */;
			buildPhases = (
				3ABCDD3D257E3EF400CA54A4 /* Sources */,
				3ABCDD3E257E3EF400CA54A4 /* Frameworks */,
				3ABCDD3F257E3EF400CA54A4 /* Resources */,
			);
			buildRules = (
			);
			dependencies = (
			);
			name = WeatherAPI;
			productName = WeatherAPI;
			productReference = 3ABCDD41257E3EF400CA54A4 /* WeatherAPI.app */;
			productType = "com.apple.product-type.application";
		};
/* End PBXNativeTarget section */

/* Begin PBXProject section */
		3ABCDD39257E3EF400CA54A4 /* Project object */ = {
			isa = PBXProject;
			attributes = {
				LastSwiftUpdateCheck = 1150;
				LastUpgradeCheck = 1150;
				ORGANIZATIONNAME = "Давид Михайлов";
				TargetAttributes = {
					3ABCDD40257E3EF400CA54A4 = {
						CreatedOnToolsVersion = 11.5;
					};
				};
			};
			buildConfigurationList = 3ABCDD3C257E3EF400CA54A4 /* Build configuration list for PBXProject "WeatherAPI" */;
			compatibilityVersion = "Xcode 9.3";
			developmentRegion = en;
			hasScannedForEncodings = 0;
			knownRegions = (
				en,
				Base,
			);
			mainGroup = 3ABCDD38257E3EF400CA54A4;
			productRefGroup = 3ABCDD42257E3EF400CA54A4 /* Products */;
			projectDirPath = "";
			projectRoot = "";
			targets = (
				3ABCDD40257E3EF400CA54A4 /* WeatherAPI */,
			);
		};
/* End PBXProject section */

/* Begin PBXResourcesBuildPhase section */
		3ABCDD3F257E3EF400CA54A4 /* Resources */ = {
			isa = PBXResourcesBuildPhase;
			buildActionMask = 2147483647;
			files = (
				3ABCDD51257E3EF600CA54A4 /* LaunchScreen.storyboard in Resources */,
				3ABCDD5A257E3F0F00CA54A4 /* Main.storyboard in Resources */,
				3ABCDD5C257E3F2C00CA54A4 /* Assets.xcassets in Resources */,
			);
			runOnlyForDeploymentPostprocessing = 0;
		};
/* End PBXResourcesBuildPhase section */

/* Begin PBXSourcesBuildPhase section */
		3ABCDD3D257E3EF400CA54A4 /* Sources */ = {
			isa = PBXSourcesBuildPhase;
			buildActionMask = 2147483647;
			files = (
				3ABCDD49257E3EF400CA54A4 /* ViewController.swift in Sources */,
				3ABCDD45257E3EF400CA54A4 /* AppDelegate.swift in Sources */,
				3AA442752580ECF800ED70DA /* CurrentWeather.swift in Sources */,
				3ABCDD60257FCC2A00CA54A4 /* NetworkWeatherManager.swift in Sources */,
				3ABCDD5E257E41BA00CA54A4 /* ViewController+ alertController.swift in Sources */,
				3ABCDD47257E3EF400CA54A4 /* SceneDelegate.swift in Sources */,
				3A9B1AD82580AFB100E38CD2 /* CurrentWeatherData.swift in Sources */,
				3ABCDD62257FCE8300CA54A4 /* Constants.swift in Sources */,
			);
			runOnlyForDeploymentPostprocessing = 0;
		};
/* End PBXSourcesBuildPhase section */

/* Begin PBXVariantGroup section */
		3ABCDD4F257E3EF600CA54A4 /* LaunchScreen.storyboard */ = {
			isa = PBXVariantGroup;
			children = (
				3ABCDD50257E3EF600CA54A4 /* Base */,
			);
			name = LaunchScreen.storyboard;
			sourceTree = "<group>";
		};
		3ABCDD58257E3F0F00CA54A4 /* Main.storyboard */ = {
			isa = PBXVariantGroup;
			children = (
				3ABCDD59257E3F0F00CA54A4 /* Base */,
			);
			name = Main.storyboard;
			sourceTree = "<group>";
		};
/* End PBXVariantGroup section */

/* Begin XCBuildConfiguration section */
		3ABCDD53257E3EF600CA54A4 /* Debug */ = {
			isa = XCBuildConfiguration;
			buildSettings = {
				ALWAYS_SEARCH_USER_PATHS = NO;
				CLANG_ANALYZER_NONNULL = YES;
				CLANG_ANALYZER_NUMBER_OBJECT_CONVERSION = YES_AGGRESSIVE;
				CLANG_CXX_LANGUAGE_STANDARD = "gnu++14";
				CLANG_CXX_LIBRARY = "libc++";
				CLANG_ENABLE_MODULES = YES;
				CLANG_ENABLE_OBJC_ARC = YES;
				CLANG_ENABLE_OBJC_WEAK = YES;
				CLANG_WARN_BLOCK_CAPTURE_AUTORELEASING = YES;
				CLANG_WARN_BOOL_CONVERSION = YES;
				CLANG_WARN_COMMA = YES;
				CLANG_WARN_CONSTANT_CONVERSION = YES;
				CLANG_WARN_DEPRECATED_OBJC_IMPLEMENTATIONS = YES;
				CLANG_WARN_DIRECT_OBJC_ISA_USAGE = YES_ERROR;
				CLANG_WARN_DOCUMENTATION_COMMENTS = YES;
				CLANG_WARN_EMPTY_BODY = YES;
				CLANG_WARN_ENUM_CONVERSION = YES;
				CLANG_WARN_INFINITE_RECURSION = YES;
				CLANG_WARN_INT_CONVERSION = YES;
				CLANG_WARN_NON_LITERAL_NULL_CONVERSION = YES;
				CLANG_WARN_OBJC_IMPLICIT_RETAIN_SELF = YES;
				CLANG_WARN_OBJC_LITERAL_CONVERSION = YES;
				CLANG_WARN_OBJC_ROOT_CLASS = YES_ERROR;
				CLANG_WARN_RANGE_LOOP_ANALYSIS = YES;
				CLANG_WARN_STRICT_PROTOTYPES = YES;
				CLANG_WARN_SUSPICIOUS_MOVE = YES;
				CLANG_WARN_UNGUARDED_AVAILABILITY = YES_AGGRESSIVE;
				CLANG_WARN_UNREACHABLE_CODE = YES;
				CLANG_WARN__DUPLICATE_METHOD_MATCH = YES;
				COPY_PHASE_STRIP = NO;
				DEBUG_INFORMATION_FORMAT = dwarf;
				ENABLE_STRICT_OBJC_MSGSEND = YES;
				ENABLE_TESTABILITY = YES;
				GCC_C_LANGUAGE_STANDARD = gnu11;
				GCC_DYNAMIC_NO_PIC = NO;
				GCC_NO_COMMON_BLOCKS = YES;
				GCC_OPTIMIZATION_LEVEL = 0;
				GCC_PREPROCESSOR_DEFINITIONS = (
					"DEBUG=1",
					"$(inherited)",
				);
				GCC_WARN_64_TO_32_BIT_CONVERSION = YES;
				GCC_WARN_ABOUT_RETURN_TYPE = YES_ERROR;
				GCC_WARN_UNDECLARED_SELECTOR = YES;
				GCC_WARN_UNINITIALIZED_AUTOS = YES_AGGRESSIVE;
				GCC_WARN_UNUSED_FUNCTION = YES;
				GCC_WARN_UNUSED_VARIABLE = YES;
				IPHONEOS_DEPLOYMENT_TARGET = 13.5;
				MTL_ENABLE_DEBUG_INFO = INCLUDE_SOURCE;
				MTL_FAST_MATH = YES;
				ONLY_ACTIVE_ARCH = YES;
				SDKROOT = iphoneos;
				SWIFT_ACTIVE_COMPILATION_CONDITIONS = DEBUG;
				SWIFT_OPTIMIZATION_LEVEL = "-Onone";
			};
			name = Debug;
		};
		3ABCDD54257E3EF600CA54A4 /* Release */ = {
			isa = XCBuildConfiguration;
			buildSettings = {
				ALWAYS_SEARCH_USER_PATHS = NO;
				CLANG_ANALYZER_NONNULL = YES;
				CLANG_ANALYZER_NUMBER_OBJECT_CONVERSION = YES_AGGRESSIVE;
				CLANG_CXX_LANGUAGE_STANDARD = "gnu++14";
				CLANG_CXX_LIBRARY = "libc++";
				CLANG_ENABLE_MODULES = YES;
				CLANG_ENABLE_OBJC_ARC = YES;
				CLANG_ENABLE_OBJC_WEAK = YES;
				CLANG_WARN_BLOCK_CAPTURE_AUTORELEASING = YES;
				CLANG_WARN_BOOL_CONVERSION = YES;
				CLANG_WARN_COMMA = YES;
				CLANG_WARN_CONSTANT_CONVERSION = YES;
				CLANG_WARN_DEPRECATED_OBJC_IMPLEMENTATIONS = YES;
				CLANG_WARN_DIRECT_OBJC_ISA_USAGE = YES_ERROR;
				CLANG_WARN_DOCUMENTATION_COMMENTS = YES;
				CLANG_WARN_EMPTY_BODY = YES;
				CLANG_WARN_ENUM_CONVERSION = YES;
				CLANG_WARN_INFINITE_RECURSION = YES;
				CLANG_WARN_INT_CONVERSION = YES;
				CLANG_WARN_NON_LITERAL_NULL_CONVERSION = YES;
				CLANG_WARN_OBJC_IMPLICIT_RETAIN_SELF = YES;
				CLANG_WARN_OBJC_LITERAL_CONVERSION = YES;
				CLANG_WARN_OBJC_ROOT_CLASS = YES_ERROR;
				CLANG_WARN_RANGE_LOOP_ANALYSIS = YES;
				CLANG_WARN_STRICT_PROTOTYPES = YES;
				CLANG_WARN_SUSPICIOUS_MOVE = YES;
				CLANG_WARN_UNGUARDED_AVAILABILITY = YES_AGGRESSIVE;
				CLANG_WARN_UNREACHABLE_CODE = YES;
				CLANG_WARN__DUPLICATE_METHOD_MATCH = YES;
				COPY_PHASE_STRIP = NO;
				DEBUG_INFORMATION_FORMAT = "dwarf-with-dsym";
				ENABLE_NS_ASSERTIONS = NO;
				ENABLE_STRICT_OBJC_MSGSEND = YES;
				GCC_C_LANGUAGE_STANDARD = gnu11;
				GCC_NO_COMMON_BLOCKS = YES;
				GCC_WARN_64_TO_32_BIT_CONVERSION = YES;
				GCC_WARN_ABOUT_RETURN_TYPE = YES_ERROR;
				GCC_WARN_UNDECLARED_SELECTOR = YES;
				GCC_WARN_UNINITIALIZED_AUTOS = YES_AGGRESSIVE;
				GCC_WARN_UNUSED_FUNCTION = YES;
				GCC_WARN_UNUSED_VARIABLE = YES;
				IPHONEOS_DEPLOYMENT_TARGET = 13.5;
				MTL_ENABLE_DEBUG_INFO = NO;
				MTL_FAST_MATH = YES;
				SDKROOT = iphoneos;
				SWIFT_COMPILATION_MODE = wholemodule;
				SWIFT_OPTIMIZATION_LEVEL = "-O";
				VALIDATE_PRODUCT = YES;
			};
			name = Release;
		};
		3ABCDD56257E3EF600CA54A4 /* Debug */ = {
			isa = XCBuildConfiguration;
			buildSettings = {
				ASSETCATALOG_COMPILER_APPICON_NAME = AppIcon;
				CODE_SIGN_STYLE = Automatic;
				DEVELOPMENT_TEAM = X84H3LFA4V;
				INFOPLIST_FILE = WeatherAPI/Info.plist;
				LD_RUNPATH_SEARCH_PATHS = (
					"$(inherited)",
					"@executable_path/Frameworks",
				);
				PRODUCT_BUNDLE_IDENTIFIER = com.davidMikhailov.WeatherAPI;
				PRODUCT_NAME = "$(TARGET_NAME)";
				SWIFT_VERSION = 5.0;
				TARGETED_DEVICE_FAMILY = "1,2";
			};
			name = Debug;
		};
		3ABCDD57257E3EF600CA54A4 /* Release */ = {
			isa = XCBuildConfiguration;
			buildSettings = {
				ASSETCATALOG_COMPILER_APPICON_NAME = AppIcon;
				CODE_SIGN_STYLE = Automatic;
				DEVELOPMENT_TEAM = X84H3LFA4V;
				INFOPLIST_FILE = WeatherAPI/Info.plist;
				LD_RUNPATH_SEARCH_PATHS = (
					"$(inherited)",
					"@executable_path/Frameworks",
				);
				PRODUCT_BUNDLE_IDENTIFIER = com.davidMikhailov.WeatherAPI;
				PRODUCT_NAME = "$(TARGET_NAME)";
				SWIFT_VERSION = 5.0;
				TARGETED_DEVICE_FAMILY = "1,2";
			};
			name = Release;
		};
/* End XCBuildConfiguration section */

/* Begin XCConfigurationList section */
		3ABCDD3C257E3EF400CA54A4 /* Build configuration list for PBXProject "WeatherAPI" */ = {
			isa = XCConfigurationList;
			buildConfigurations = (
				3ABCDD53257E3EF600CA54A4 /* Debug */,
				3ABCDD54257E3EF600CA54A4 /* Release */,
			);
			defaultConfigurationIsVisible = 0;
			defaultConfigurationName = Release;
		};
		3ABCDD55257E3EF600CA54A4 /* Build configuration list for PBXNativeTarget "WeatherAPI" */ = {
			isa = XCConfigurationList;
			buildConfigurations = (
				3ABCDD56257E3EF600CA54A4 /* Debug */,
				3ABCDD57257E3EF600CA54A4 /* Release */,
			);
			defaultConfigurationIsVisible = 0;
			defaultConfigurationName = Release;
		};
/* End XCConfigurationList section */
	};
	rootObject = 3ABCDD39257E3EF400CA54A4 /* Project object */;
}
